{
  "requires": true,
  "lockfileVersion": 1,
  "dependencies": {
    "systemjs": {
      "version": "2.0.1",
      "resolved": "https://registry.npmjs.org/systemjs/-/systemjs-2.0.1.tgz",
      "integrity": "sha512-ha7E8+4hx/1UxbpsLcWOZI/Mf1VP+TyEEx8U3I60fPuKvbnu9tanAm0JfJteGqk0JggyYaB3R0u16gAjiJMFaQ=="
    }
  }
}
